{"format_version":"1.0","provider_schemas":{"registry.terraform.io/signoz/signoz":{"provider":{"version":0,"block":{"attributes":{"access_token":{"type":"string","description":"Access token of the SigNoz API. You can retrieve it from SigNoz UI\nwith Admin Role ([documentation](https://signoz.io/newsroom/launch-week-1-day-5/#using-access-token)).\nAlso, you can set it using environment variable SIGNOZ_ACCESS_TOKEN.","description_kind":"plain","optional":true,"sensitive":true},"endpoint":{"type":"string","description":"Endpoint of the SigNoz. It is the root URL of the SigNoz UI.\nAlso, you can set it using environment variable SIGNOZ_ENDPOINT. If not set, it defaults to http://localhost:3301.","description_kind":"plain","optional":true},"http_max_retry":{"type":"number","description":"Specifies the max retry limit for the HTTP requests made to SigNoz.\nAlso, you can set it using environment variable SIGNOZ_HTTP_MAX_RETRY. If not set, it defaults to 10.","description_kind":"plain","optional":true},"http_timeout":{"type":"number","description":"Specifies the timeout limit in seconds for the HTTP requests made to SigNoz.\nAlso, you can set it using environment variable SIGNOZ_HTTP_TIMEOUT. If not set, it defaults to 35.","description_kind":"plain","optional":true}},"description_kind":"plain"}},"resource_schemas":{"signoz_alert":{"version":0,"block":{"attributes":{"alert":{"type":"string","description":"Name of the alert.","description_kind":"plain","required":true},"alert_type":{"type":"string","description":"Type of the alert. Possible values are: METRIC_BASED_ALERT, LOGS_BASED_ALERT, TRACES_BASED_ALERT, and EXCEPTIONS_BASED_ALERT.","description_kind":"plain","required":true},"broadcast_to_all":{"type":"bool","description":"Whether to broadcast the alert to all the alerting channels. By default, the alert is only sent to the preferred channels.","description_kind":"plain","deprecated":true,"optional":true,"computed":true},"condition":{"type":"string","description":"Condition of the alert.","description_kind":"plain","required":true},"create_at":{"type":"string","description":"Creation time of the alert.","description_kind":"plain","computed":true},"create_by":{"type":"string","description":"Creator of the alert.","description_kind":"plain","computed":true},"description":{"type":"string","description":"Description of the alert.","description_kind":"plain","optional":true,"computed":true},"disabled":{"type":"bool","description":"Whether the alert is disabled.","description_kind":"plain","optional":true,"computed":true},"eval_window":{"type":"string","description":"The evaluation window of the alert. By default, it is 5m0s.","description_kind":"plain","optional":true,"computed":true},"evaluation":{"type":"string","description":"Evaluation settings for the alert (JSON). Only used when schema_version is v2 or higher.","description_kind":"plain","optional":true,"computed":true},"frequency":{"type":"string","description":"The frequency of the alert. By default, it is 1m0s.","description_kind":"plain","optional":true,"computed":true},"id":{"type":"string","description":"Unique ID for the alert. If provided during creation, the provider will adopt the existing alert instead of creating a new one.","description_kind":"plain","optional":true,"computed":true},"labels":{"type":["map","string"],"description":"Labels of the alert. Severity is a required label.","description_kind":"plain","optional":true,"computed":true},"notification_settings":{"nested_type":{"attributes":{"group_by":{"type":["list","string"],"description":"Group by the alert. By default, it is empty, use '__all__' to get different notification for each unique parameters.","description_kind":"plain","optional":true,"computed":true},"renotify":{"nested_type":{"attributes":{"alert_states":{"type":["list","string"],"description":"For which AlertStates of the alert want to get renotified.","description_kind":"plain","required":true},"enabled":{"type":"bool","description":"To enable the re-notification of the alert.","description_kind":"plain","optional":true,"computed":true},"interval":{"type":"string","description":"Re-notify interval of the alert.","description_kind":"plain","required":true}},"nesting_mode":"single"},"description":"The alert re-notification settings.","description_kind":"plain","optional":true,"computed":true},"use_policy":{"type":"bool","description":"Use policy in the alert. By default, it is false.","description_kind":"plain","optional":true,"computed":true}},"nesting_mode":"single"},"description":"Notification settings for the alert. Only used when schema_version is v2 or higher.","description_kind":"plain","optional":true,"computed":true},"preferred_channels":{"type":["list","string"],"description":"Preferred channels of the alert. By default, it is empty.","description_kind":"plain","optional":true,"computed":true},"rule_type":{"type":"string","description":"Type of the alert. Possible values are: threshold_rule and promql_rule.","description_kind":"plain","optional":true,"computed":true},"schema_version":{"type":"string","description":"Schema version of the alert. By default, it is v1. For v2+ schemas, additional fields like evaluation and notification_settings are supported.","description_kind":"plain","optional":true,"computed":true},"severity":{"type":"string","description":"Severity of the alert. Possible values are: info, warning, error, and critical.","description_kind":"plain","required":true},"source":{"type":"string","description":"Source of the alert. By default, it is \u003cSIGNOZ_ENDPOINT\u003e/alerts.","description_kind":"plain","optional":true,"computed":true},"state":{"type":"string","description":"State of the alert.","description_kind":"plain","computed":true},"summary":{"type":"string","description":"Summary of the alert.","description_kind":"plain","optional":true,"computed":true},"update_at":{"type":"string","description":"Last update time of the alert.","description_kind":"plain","computed":true},"update_by":{"type":"string","description":"Last updater of the alert.","description_kind":"plain","computed":true},"version":{"type":"string","description":"Version of the alert. By default, it is v4.","description_kind":"plain","optional":true,"computed":true}},"description":"Creates and manages alert resources in SigNoz.","description_kind":"plain"}},"signoz_dashboard":{"version":0,"block":{"attributes":{"collapsable_rows_migrated":{"type":"bool","description_kind":"plain","required":true},"created_at":{"type":"string","description":"Creation time of the dashboard.","description_kind":"plain","computed":true},"created_by":{"type":"string","description":"Creator of the dashboard.","description_kind":"plain","computed":true},"description":{"type":"string","description":"Description of the dashboard.","description_kind":"plain","required":true},"id":{"type":"string","description":"Unique ID for the dashboard. If provided during creation, the provider will adopt the existing dashboard instead of creating a new one.","description_kind":"plain","optional":true,"computed":true},"layout":{"type":"string","description":"Layout of the dashboard.","description_kind":"plain","required":true},"name":{"type":"string","description":"Name of the dashboard.","description_kind":"plain","required":true},"panel_map":{"type":"string","description_kind":"plain","optional":true},"source":{"type":"string","description":"Source of the dashboard. By default, it is \u003cSIGNOZ_ENDPOINT\u003e/dashboard.","description_kind":"plain","optional":true,"computed":true},"tags":{"type":["list","string"],"description":"Tags of the dashboard.","description_kind":"plain","optional":true},"title":{"type":"string","description":"Title of the dashboard.","description_kind":"plain","required":true},"updated_at":{"type":"string","description":"Last update time of the dashboard.","description_kind":"plain","computed":true},"updated_by":{"type":"string","description":"Last updater of the dashboard.","description_kind":"plain","computed":true},"uploaded_grafana":{"type":"bool","description_kind":"plain","required":true},"variables":{"type":"string","description":"Variables for the dashboard.","description_kind":"plain","required":true},"version":{"type":"string","description":"Version of the dashboard. If not set, uses the server default. The server may normalize this value (e.g., v4 → v5).","description_kind":"plain","optional":true,"computed":true},"widgets":{"type":"string","description":"Widgets for the dashboard.","description_kind":"plain","required":true}},"description":"Creates and manages dashboard resources in SigNoz.","description_kind":"plain"}},"signoz_notification_channel":{"version":0,"block":{"attributes":{"created_at":{"type":"string","description":"Creation time of the notification channel.","description_kind":"plain","computed":true},"id":{"type":"string","description":"Unique ID for the notification channel. If provided during creation, the provider will adopt the existing channel.","description_kind":"plain","optional":true,"computed":true},"name":{"type":"string","description":"Name of the notification channel.","description_kind":"plain","required":true},"type":{"type":"string","description":"Type of the notification channel (derived from config block).","description_kind":"plain","computed":true},"updated_at":{"type":"string","description":"Last update time of the notification channel.","description_kind":"plain","computed":true}},"block_types":{"slack_configs":{"nesting_mode":"list","block":{"attributes":{"api_url":{"type":"string","description":"Slack incoming webhook URL.","description_kind":"plain","required":true,"sensitive":true},"channel":{"type":"string","description":"Slack channel to post to (e.g. #ops-alerts).","description_kind":"plain","optional":true,"computed":true},"icon_emoji":{"type":"string","description":"Slack icon emoji for the bot.","description_kind":"plain","optional":true,"computed":true},"send_resolved":{"type":"bool","description":"Whether to send a notification when the alert resolves.","description_kind":"plain","optional":true,"computed":true},"text":{"type":"string","description":"Go template for the Slack message body.","description_kind":"plain","optional":true,"computed":true},"title":{"type":"string","description":"Go template for the Slack message title.","description_kind":"plain","optional":true,"computed":true},"username":{"type":"string","description":"Slack username for the bot.","description_kind":"plain","optional":true,"computed":true}},"description":"Slack notification configuration. At most one block.","description_kind":"plain"}},"webhook_configs":{"nesting_mode":"list","block":{"attributes":{"send_resolved":{"type":"bool","description":"Whether to send a notification when the alert resolves.","description_kind":"plain","optional":true,"computed":true},"url":{"type":"string","description":"Webhook endpoint URL.","description_kind":"plain","required":true}},"description":"Webhook notification configuration. At most one block.","description_kind":"plain"}}},"description":"Creates and manages notification channel resources in SigNoz.","description_kind":"plain"}}},"data_source_schemas":{"signoz_alert":{"version":0,"block":{"attributes":{"alert":{"type":"string","description":"Name of the alert.","description_kind":"plain","computed":true},"alert_type":{"type":"string","description":"Type of the alert. Possible values are: METRIC_BASED_ALERT, LOGS_BASED_ALERT, TRACES_BASED_ALERT, and EXCEPTIONS_BASED_ALERT.","description_kind":"plain","computed":true},"broadcast_to_all":{"type":"bool","description":"Whether to broadcast the alert to all the alert channels.","description_kind":"plain","deprecated":true,"computed":true},"condition":{"type":"string","description":"Condition of the alert.","description_kind":"plain","computed":true},"description":{"type":"string","description":"Description of the alert.","description_kind":"plain","computed":true},"disabled":{"type":"bool","description":"Whether the alert is disabled.","description_kind":"plain","computed":true},"eval_window":{"type":"string","description":"Evaluation window of the alert.","description_kind":"plain","computed":true},"evaluation":{"type":"string","description":"Evaluation configuration of the alert as JSON.","description_kind":"plain","computed":true},"frequency":{"type":"string","description":"Frequency of the alert.","description_kind":"plain","computed":true},"id":{"type":"string","description":"ID of the alert.","description_kind":"plain","required":true},"labels":{"type":["map","string"],"description":"Labels of the alert. Severity is a required label.","description_kind":"plain","computed":true},"notification_settings":{"nested_type":{"attributes":{"group_by":{"type":["list","string"],"description":"Group by labels for notification.","description_kind":"plain","computed":true},"renotify":{"nested_type":{"attributes":{"alert_states":{"type":["list","string"],"description":"Alert states for renotify.","description_kind":"plain","computed":true},"enabled":{"type":"bool","description":"Whether renotify is enabled.","description_kind":"plain","computed":true},"interval":{"type":"string","description":"Interval for renotify.","description_kind":"plain","computed":true}},"nesting_mode":"single"},"description":"Renotify settings for the alert.","description_kind":"plain","computed":true},"use_policy":{"type":"bool","description":"Whether to use notification policy.","description_kind":"plain","computed":true}},"nesting_mode":"single"},"description":"Notification settings for the alert.","description_kind":"plain","computed":true},"preferred_channels":{"type":["list","string"],"description":"List of preferred channels of the alert. This is a noop if BroadcastToAll is true.","description_kind":"plain","computed":true},"rule_type":{"type":"string","description":"Type of the Alert Rule for threshold. Possible values are: threshold_rule and promql_rule.","description_kind":"plain","computed":true},"schema_version":{"type":"string","description":"Schema version of the alert.","description_kind":"plain","computed":true},"severity":{"type":"string","description":"Severity of the alert.","description_kind":"plain","computed":true},"source":{"type":"string","description":"Source URL of the alert.","description_kind":"plain","computed":true},"state":{"type":"string","description":"State of the alert. Possible values are: inactive, firing, pending, and disabled.","description_kind":"plain","computed":true},"summary":{"type":"string","description":"Summary of the alert.","description_kind":"plain","computed":true},"version":{"type":"string","description":"Version of the alert.","description_kind":"plain","computed":true}},"description":"Fetches an alert from Signoz using its ID. The ID can be found in the URL of the alert in the Signoz UI.","description_kind":"plain"}},"signoz_dashboard":{"version":0,"block":{"attributes":{"collapsable_rows_migrated":{"type":"bool","description_kind":"plain","computed":true},"description":{"type":"string","description":"Description of the dashboard.","description_kind":"plain","computed":true},"id":{"type":"string","description":"Autogenerated unique ID for the dashboard.","description_kind":"plain","required":true},"layout":{"type":"string","description":"Layout of the dashboard.","description_kind":"plain","computed":true},"name":{"type":"string","description":"Name of the dashboard.","description_kind":"plain","computed":true},"panel_map":{"type":"string","description_kind":"plain","computed":true},"source":{"type":"string","description":"Source of the dashboard. By default, it is \u003cSIGNOZ_ENDPOINT\u003e/dashboard.","description_kind":"plain","computed":true},"tags":{"type":["list","string"],"description":"Tags of the dashboard.","description_kind":"plain","computed":true},"title":{"type":"string","description":"Title of the dashboard.","description_kind":"plain","computed":true},"uploaded_grafana":{"type":"bool","description_kind":"plain","computed":true},"variables":{"type":"string","description":"Variables for the dashboard.","description_kind":"plain","computed":true},"version":{"type":"string","description_kind":"plain","optional":true,"computed":true},"widgets":{"type":"string","description":"Widgets for the dashboard.","description_kind":"plain","computed":true}},"description":"Fetches a dashboard from Signoz using its id. The id can be found in the URL of the dashboard in the Signoz UI.","description_kind":"plain"}},"signoz_notification_channel":{"version":0,"block":{"attributes":{"created_at":{"type":"string","description":"Creation time of the notification channel.","description_kind":"plain","computed":true},"id":{"type":"string","description":"ID of the notification channel.","description_kind":"plain","required":true},"name":{"type":"string","description":"Name of the notification channel.","description_kind":"plain","computed":true},"type":{"type":"string","description":"Type of the notification channel.","description_kind":"plain","computed":true},"updated_at":{"type":"string","description":"Last update time of the notification channel.","description_kind":"plain","computed":true}},"block_types":{"slack_configs":{"nesting_mode":"list","block":{"attributes":{"api_url":{"type":"string","description":"Slack incoming webhook URL.","description_kind":"plain","computed":true,"sensitive":true},"channel":{"type":"string","description":"Slack channel.","description_kind":"plain","computed":true},"icon_emoji":{"type":"string","description":"Slack icon emoji.","description_kind":"plain","computed":true},"send_resolved":{"type":"bool","description":"Whether to send resolved notifications.","description_kind":"plain","computed":true},"text":{"type":"string","description":"Go template for the Slack message body.","description_kind":"plain","computed":true},"title":{"type":"string","description":"Go template for the Slack message title.","description_kind":"plain","computed":true},"username":{"type":"string","description":"Slack username.","description_kind":"plain","computed":true}},"description":"Slack notification configuration.","description_kind":"plain"}},"webhook_configs":{"nesting_mode":"list","block":{"attributes":{"send_resolved":{"type":"bool","description":"Whether to send resolved notifications.","description_kind":"plain","computed":true},"url":{"type":"string","description":"Webhook endpoint URL.","description_kind":"plain","computed":true}},"description":"Webhook notification configuration.","description_kind":"plain"}}},"description":"Fetches a notification channel from SigNoz using its ID.","description_kind":"plain"}}}}}}
